
Microsoft Visual Studio Solution File, Format Version 12.00
Project("{FAE04EC0-301F-11D3-BF4B-00C04F79EFBC}") = "Trees.Core", "Trees.Core\Trees.Core.csproj", "{A9531F58-2692-4BAD-B4F4-14D956C7CDCB}"
EndProject
Project("{FAE04EC0-301F-11D3-BF4B-00C04F79EFBC}") = "Trees.UnitTests", "Trees.UnitTests\Trees.UnitTests.csproj", "{CC9F26CD-D81F-4260-B8DD-8A1E23968D6F}"
EndProject
Project("{FAE04EC0-301F-11D3-BF4B-00C04F79EFBC}") = "Trees.Benchmarks", "Trees.Benchmarks\Trees.Benchmarks.csproj", "{C1B5BF26-3209-4927-A7CE-C66CE4D7ABAD}"
EndProject
Project("{FAE04EC0-301F-11D3-BF4B-00C04F79EFBC}") = "Trees.Gui", "Trees.Gui\Trees.Gui.csproj", "{849574ED-40F2-4970-A0ED-A19F9EC2089F}"
EndProject
Global
	GlobalSection(SolutionConfigurationPlatforms) = preSolution
		Debug|Any CPU = Debug|Any CPU
		Release|Any CPU = Release|Any CPU
	EndGlobalSection
	GlobalSection(ProjectConfigurationPlatforms) = postSolution
		{A9531F58-2692-4BAD-B4F4-14D956C7CDCB}.Debug|Any CPU.ActiveCfg = Debug|Any CPU
		{A9531F58-2692-4BAD-B4F4-14D956C7CDCB}.Debug|Any CPU.Build.0 = Debug|Any CPU
		{A9531F58-2692-4BAD-B4F4-14D956C7CDCB}.Release|Any CPU.ActiveCfg = Release|Any CPU
		{A9531F58-2692-4BAD-B4F4-14D956C7CDCB}.Release|Any CPU.Build.0 = Release|Any CPU
		{CC9F26CD-D81F-4260-B8DD-8A1E23968D6F}.Debug|Any CPU.ActiveCfg = Debug|Any CPU
		{CC9F26CD-D81F-4260-B8DD-8A1E23968D6F}.Debug|Any CPU.Build.0 = Debug|Any CPU
		{CC9F26CD-D81F-4260-B8DD-8A1E23968D6F}.Release|Any CPU.ActiveCfg = Release|Any CPU
		{CC9F26CD-D81F-4260-B8DD-8A1E23968D6F}.Release|Any CPU.Build.0 = Release|Any CPU
		{C1B5BF26-3209-4927-A7CE-C66CE4D7ABAD}.Debug|Any CPU.ActiveCfg = Debug|Any CPU
		{C1B5BF26-3209-4927-A7CE-C66CE4D7ABAD}.Debug|Any CPU.Build.0 = Debug|Any CPU
		{C1B5BF26-3209-4927-A7CE-C66CE4D7ABAD}.Release|Any CPU.ActiveCfg = Release|Any CPU
		{C1B5BF26-3209-4927-A7CE-C66CE4D7ABAD}.Release|Any CPU.Build.0 = Release|Any CPU
		{849574ED-40F2-4970-A0ED-A19F9EC2089F}.Debug|Any CPU.ActiveCfg = Debug|Any CPU
		{849574ED-40F2-4970-A0ED-A19F9EC2089F}.Debug|Any CPU.Build.0 = Debug|Any CPU
		{849574ED-40F2-4970-A0ED-A19F9EC2089F}.Release|Any CPU.ActiveCfg = Release|Any CPU
		{849574ED-40F2-4970-A0ED-A19F9EC2089F}.Release|Any CPU.Build.0 = Release|Any CPU
	EndGlobalSection
EndGlobal
